
Microsoft Visual Studio Solution File, Format Version 12.00
# Visual Studio 14
VisualStudioVersion = 14.0.25420.1
MinimumVisualStudioVersion = 10.0.40219.1
Project("{FAE04EC0-301F-11D3-BF4B-00C04F79EFBC}") = "showpro-organizador", "showpro-organizador\showpro-organizador.csproj", "{788E150F-D6D4-45D4-B1FE-91359630B8B2}"
EndProject
Project("{FAE04EC0-301F-11D3-BF4B-00C04F79EFBC}") = "showpro-main", "showpro-main\showpro-main.csproj", "{6402BF47-22BE-49D9-97C5-BA933214846C}"
EndProject
Project("{FAE04EC0-301F-11D3-BF4B-00C04F79EFBC}") = "showpro-administrador", "showpro-administrador\showpro-administrador.csproj", "{6A8FFC8A-F190-42C0-8A7C-4A97E5FFEE89}"
EndProject
Global
	GlobalSection(SolutionConfigurationPlatforms) = preSolution
		Debug|Any CPU = Debug|Any CPU
		Release|Any CPU = Release|Any CPU
	EndGlobalSection
	GlobalSection(ProjectConfigurationPlatforms) = postSolution
		{788E150F-D6D4-45D4-B1FE-91359630B8B2}.Debug|Any CPU.ActiveCfg = Debug|Any CPU
		{788E150F-D6D4-45D4-B1FE-91359630B8B2}.Debug|Any CPU.Build.0 = Debug|Any CPU
		{788E150F-D6D4-45D4-B1FE-91359630B8B2}.Release|Any CPU.ActiveCfg = Release|Any CPU
		{788E150F-D6D4-45D4-B1FE-91359630B8B2}.Release|Any CPU.Build.0 = Release|Any CPU
		{6402BF47-22BE-49D9-97C5-BA933214846C}.Debug|Any CPU.ActiveCfg = Debug|Any CPU
		{6402BF47-22BE-49D9-97C5-BA933214846C}.Debug|Any CPU.Build.0 = Debug|Any CPU
		{6402BF47-22BE-49D9-97C5-BA933214846C}.Release|Any CPU.ActiveCfg = Release|Any CPU
		{6402BF47-22BE-49D9-97C5-BA933214846C}.Release|Any CPU.Build.0 = Release|Any CPU
		{6A8FFC8A-F190-42C0-8A7C-4A97E5FFEE89}.Debug|Any CPU.ActiveCfg = Debug|Any CPU
		{6A8FFC8A-F190-42C0-8A7C-4A97E5FFEE89}.Debug|Any CPU.Build.0 = Debug|Any CPU
		{6A8FFC8A-F190-42C0-8A7C-4A97E5FFEE89}.Release|Any CPU.ActiveCfg = Release|Any CPU
		{6A8FFC8A-F190-42C0-8A7C-4A97E5FFEE89}.Release|Any CPU.Build.0 = Release|Any CPU
	EndGlobalSection
	GlobalSection(SolutionProperties) = preSolution
		HideSolutionNode = FALSE
	EndGlobalSection
EndGlobal
